
Microsoft Visual Studio Solution File, Format Version 12.00
# Visual Studio 15
VisualStudioVersion = 15.0.27703.2026
MinimumVisualStudioVersion = 10.0.40219.1
Project("{9A19103F-16F7-4668-BE54-9A1E7A4F7556}") = "adamantc", "adamantc\adamantc.csproj", "{E51046BD-E182-43CB-81C5-261064D784BD}"
EndProject
Project("{9A19103F-16F7-4668-BE54-9A1E7A4F7556}") = "forge", "forge\forge.csproj", "{3EC50ACC-86FF-4975-A50C-C5F43F5C2D18}"
EndProject
Project("{9A19103F-16F7-4668-BE54-9A1E7A4F7556}") = "Syntax", "Syntax\Syntax.csproj", "{34857CAF-DA85-44C1-A97E-8E7B53013671}"
EndProject
Project("{9A19103F-16F7-4668-BE54-9A1E7A4F7556}") = "Core", "Core\Core.csproj", "{28A30670-D9C8-4ACF-9EA6-B3A73254AC6B}"
EndProject
Project("{9A19103F-16F7-4668-BE54-9A1E7A4F7556}") = "Framework", "Framework\Framework.csproj", "{8C18643D-60EE-4BBD-91E3-08122ADD3C59}"
EndProject
Project("{2150E333-8FDC-42A3-9474-1A3956D46DE8}") = "Solution Items", "Solution Items", "{DCF0C530-CBBD-4D5F-BA54-423091616D72}"
	ProjectSection(SolutionItems) = preProject
		.editorconfig = .editorconfig
		.gitattributes = .gitattributes
		.gitignore = .gitignore
		.gitmodules = .gitmodules
		README.md = README.md
	EndProjectSection
EndProject
Project("{9A19103F-16F7-4668-BE54-9A1E7A4F7556}") = "API", "API\API.csproj", "{51A803B9-C590-4AEA-B74F-E40038CD029C}"
EndProject
Project("{9A19103F-16F7-4668-BE54-9A1E7A4F7556}") = "Emit", "Emit\Emit.csproj", "{94598655-2653-4BEA-B973-09A11932C86A}"
EndProject
Project("{2150E333-8FDC-42A3-9474-1A3956D46DE8}") = "docs", "docs", "{8D74A93C-CA04-4283-9FBD-31C8D9B08F34}"
	ProjectSection(SolutionItems) = preProject
		docs\CoreFeatures.md = docs\CoreFeatures.md
		docs\Implemented.md = docs\Implemented.md
	EndProjectSection
EndProject
Project("{9A19103F-16F7-4668-BE54-9A1E7A4F7556}") = "Semantics", "Semantics\Semantics.csproj", "{A8ACDE04-DE4D-4BD5-A839-476B7D2CFE24}"
EndProject
Project("{9A19103F-16F7-4668-BE54-9A1E7A4F7556}") = "Emit.C", "Emit.C\Emit.C.csproj", "{C89E990F-3501-42E0-95A8-648C55D1CAA0}"
EndProject
Project("{9A19103F-16F7-4668-BE54-9A1E7A4F7556}") = "Tests.Unit", "Tests.Unit\Tests.Unit.csproj", "{F93B7E34-0B72-4AC7-84DA-E722936DF90B}"
EndProject
Project("{9A19103F-16F7-4668-BE54-9A1E7A4F7556}") = "Tests.Conformance", "Tests.Conformance\Tests.Conformance.csproj", "{6B3ABEDA-B691-4D5F-979E-870EFCCBEB3E}"
EndProject
Project("{9A19103F-16F7-4668-BE54-9A1E7A4F7556}") = "Tests.Unit.Core", "Tests.Unit.Core\Tests.Unit.Core.csproj", "{6F295FAC-30EA-4297-9482-B0BF04261E34}"
EndProject
Project("{9A19103F-16F7-4668-BE54-9A1E7A4F7556}") = "Tests.Unit.Emit.C", "Tests.Unit.Emit.C\Tests.Unit.Emit.C.csproj", "{33139B8B-BB89-4FE1-9671-6D1ABD6F8F42}"
EndProject
Project("{9A19103F-16F7-4668-BE54-9A1E7A4F7556}") = "Tests.Unit.Framework", "Tests.Unit.Framework\Tests.Unit.Framework.csproj", "{0C355843-45E6-4531-8044-5E4423DAAE53}"
EndProject
Project("{9A19103F-16F7-4668-BE54-9A1E7A4F7556}") = "Tests.Unit.Semantics", "Tests.Unit.Semantics\Tests.Unit.Semantics.csproj", "{83E71120-56E7-499E-88B6-98BDEDEE6593}"
EndProject
Project("{9A19103F-16F7-4668-BE54-9A1E7A4F7556}") = "Tests.Unit.Syntax", "Tests.Unit.Syntax\Tests.Unit.Syntax.csproj", "{A146ABDB-73CF-4EEA-AE85-DF79EA5E8A3E}"
EndProject
Project("{FAE04EC0-301F-11D3-BF4B-00C04F79EFBC}") = "Semantics.Names", "Semantics.Names\Semantics.Names.csproj", "{EADD0595-2A21-4CBB-BD51-360942E49266}"
EndProject
Global
	GlobalSection(SolutionConfigurationPlatforms) = preSolution
		Debug|Any CPU = Debug|Any CPU
		Release|Any CPU = Release|Any CPU
	EndGlobalSection
	GlobalSection(ProjectConfigurationPlatforms) = postSolution
		{E51046BD-E182-43CB-81C5-261064D784BD}.Debug|Any CPU.ActiveCfg = Debug|Any CPU
		{E51046BD-E182-43CB-81C5-261064D784BD}.Debug|Any CPU.Build.0 = Debug|Any CPU
		{E51046BD-E182-43CB-81C5-261064D784BD}.Release|Any CPU.ActiveCfg = Release|Any CPU
		{E51046BD-E182-43CB-81C5-261064D784BD}.Release|Any CPU.Build.0 = Release|Any CPU
		{3EC50ACC-86FF-4975-A50C-C5F43F5C2D18}.Debug|Any CPU.ActiveCfg = Debug|Any CPU
		{3EC50ACC-86FF-4975-A50C-C5F43F5C2D18}.Debug|Any CPU.Build.0 = Debug|Any CPU
		{3EC50ACC-86FF-4975-A50C-C5F43F5C2D18}.Release|Any CPU.ActiveCfg = Release|Any CPU
		{3EC50ACC-86FF-4975-A50C-C5F43F5C2D18}.Release|Any CPU.Build.0 = Release|Any CPU
		{34857CAF-DA85-44C1-A97E-8E7B53013671}.Debug|Any CPU.ActiveCfg = Debug|Any CPU
		{34857CAF-DA85-44C1-A97E-8E7B53013671}.Debug|Any CPU.Build.0 = Debug|Any CPU
		{34857CAF-DA85-44C1-A97E-8E7B53013671}.Release|Any CPU.ActiveCfg = Release|Any CPU
		{34857CAF-DA85-44C1-A97E-8E7B53013671}.Release|Any CPU.Build.0 = Release|Any CPU
		{28A30670-D9C8-4ACF-9EA6-B3A73254AC6B}.Debug|Any CPU.ActiveCfg = Debug|Any CPU
		{28A30670-D9C8-4ACF-9EA6-B3A73254AC6B}.Debug|Any CPU.Build.0 = Debug|Any CPU
		{28A30670-D9C8-4ACF-9EA6-B3A73254AC6B}.Release|Any CPU.ActiveCfg = Release|Any CPU
		{28A30670-D9C8-4ACF-9EA6-B3A73254AC6B}.Release|Any CPU.Build.0 = Release|Any CPU
		{8C18643D-60EE-4BBD-91E3-08122ADD3C59}.Debug|Any CPU.ActiveCfg = Debug|Any CPU
		{8C18643D-60EE-4BBD-91E3-08122ADD3C59}.Debug|Any CPU.Build.0 = Debug|Any CPU
		{8C18643D-60EE-4BBD-91E3-08122ADD3C59}.Release|Any CPU.ActiveCfg = Release|Any CPU
		{8C18643D-60EE-4BBD-91E3-08122ADD3C59}.Release|Any CPU.Build.0 = Release|Any CPU
		{51A803B9-C590-4AEA-B74F-E40038CD029C}.Debug|Any CPU.ActiveCfg = Debug|Any CPU
		{51A803B9-C590-4AEA-B74F-E40038CD029C}.Debug|Any CPU.Build.0 = Debug|Any CPU
		{51A803B9-C590-4AEA-B74F-E40038CD029C}.Release|Any CPU.ActiveCfg = Release|Any CPU
		{51A803B9-C590-4AEA-B74F-E40038CD029C}.Release|Any CPU.Build.0 = Release|Any CPU
		{94598655-2653-4BEA-B973-09A11932C86A}.Debug|Any CPU.ActiveCfg = Debug|Any CPU
		{94598655-2653-4BEA-B973-09A11932C86A}.Debug|Any CPU.Build.0 = Debug|Any CPU
		{94598655-2653-4BEA-B973-09A11932C86A}.Release|Any CPU.ActiveCfg = Release|Any CPU
		{94598655-2653-4BEA-B973-09A11932C86A}.Release|Any CPU.Build.0 = Release|Any CPU
		{A8ACDE04-DE4D-4BD5-A839-476B7D2CFE24}.Debug|Any CPU.ActiveCfg = Debug|Any CPU
		{A8ACDE04-DE4D-4BD5-A839-476B7D2CFE24}.Debug|Any CPU.Build.0 = Debug|Any CPU
		{A8ACDE04-DE4D-4BD5-A839-476B7D2CFE24}.Release|Any CPU.ActiveCfg = Release|Any CPU
		{A8ACDE04-DE4D-4BD5-A839-476B7D2CFE24}.Release|Any CPU.Build.0 = Release|Any CPU
		{C89E990F-3501-42E0-95A8-648C55D1CAA0}.Debug|Any CPU.ActiveCfg = Debug|Any CPU
		{C89E990F-3501-42E0-95A8-648C55D1CAA0}.Debug|Any CPU.Build.0 = Debug|Any CPU
		{C89E990F-3501-42E0-95A8-648C55D1CAA0}.Release|Any CPU.ActiveCfg = Release|Any CPU
		{C89E990F-3501-42E0-95A8-648C55D1CAA0}.Release|Any CPU.Build.0 = Release|Any CPU
		{F93B7E34-0B72-4AC7-84DA-E722936DF90B}.Debug|Any CPU.ActiveCfg = Debug|Any CPU
		{F93B7E34-0B72-4AC7-84DA-E722936DF90B}.Debug|Any CPU.Build.0 = Debug|Any CPU
		{F93B7E34-0B72-4AC7-84DA-E722936DF90B}.Release|Any CPU.ActiveCfg = Release|Any CPU
		{F93B7E34-0B72-4AC7-84DA-E722936DF90B}.Release|Any CPU.Build.0 = Release|Any CPU
		{6B3ABEDA-B691-4D5F-979E-870EFCCBEB3E}.Debug|Any CPU.ActiveCfg = Debug|Any CPU
		{6B3ABEDA-B691-4D5F-979E-870EFCCBEB3E}.Debug|Any CPU.Build.0 = Debug|Any CPU
		{6B3ABEDA-B691-4D5F-979E-870EFCCBEB3E}.Release|Any CPU.ActiveCfg = Release|Any CPU
		{6B3ABEDA-B691-4D5F-979E-870EFCCBEB3E}.Release|Any CPU.Build.0 = Release|Any CPU
		{6F295FAC-30EA-4297-9482-B0BF04261E34}.Debug|Any CPU.ActiveCfg = Debug|Any CPU
		{6F295FAC-30EA-4297-9482-B0BF04261E34}.Debug|Any CPU.Build.0 = Debug|Any CPU
		{6F295FAC-30EA-4297-9482-B0BF04261E34}.Release|Any CPU.ActiveCfg = Release|Any CPU
		{6F295FAC-30EA-4297-9482-B0BF04261E34}.Release|Any CPU.Build.0 = Release|Any CPU
		{33139B8B-BB89-4FE1-9671-6D1ABD6F8F42}.Debug|Any CPU.ActiveCfg = Debug|Any CPU
		{33139B8B-BB89-4FE1-9671-6D1ABD6F8F42}.Debug|Any CPU.Build.0 = Debug|Any CPU
		{33139B8B-BB89-4FE1-9671-6D1ABD6F8F42}.Release|Any CPU.ActiveCfg = Release|Any CPU
		{33139B8B-BB89-4FE1-9671-6D1ABD6F8F42}.Release|Any CPU.Build.0 = Release|Any CPU
		{0C355843-45E6-4531-8044-5E4423DAAE53}.Debug|Any CPU.ActiveCfg = Debug|Any CPU
		{0C355843-45E6-4531-8044-5E4423DAAE53}.Debug|Any CPU.Build.0 = Debug|Any CPU
		{0C355843-45E6-4531-8044-5E4423DAAE53}.Release|Any CPU.ActiveCfg = Release|Any CPU
		{0C355843-45E6-4531-8044-5E4423DAAE53}.Release|Any CPU.Build.0 = Release|Any CPU
		{83E71120-56E7-499E-88B6-98BDEDEE6593}.Debug|Any CPU.ActiveCfg = Debug|Any CPU
		{83E71120-56E7-499E-88B6-98BDEDEE6593}.Debug|Any CPU.Build.0 = Debug|Any CPU
		{83E71120-56E7-499E-88B6-98BDEDEE6593}.Release|Any CPU.ActiveCfg = Release|Any CPU
		{83E71120-56E7-499E-88B6-98BDEDEE6593}.Release|Any CPU.Build.0 = Release|Any CPU
		{A146ABDB-73CF-4EEA-AE85-DF79EA5E8A3E}.Debug|Any CPU.ActiveCfg = Debug|Any CPU
		{A146ABDB-73CF-4EEA-AE85-DF79EA5E8A3E}.Debug|Any CPU.Build.0 = Debug|Any CPU
		{A146ABDB-73CF-4EEA-AE85-DF79EA5E8A3E}.Release|Any CPU.ActiveCfg = Release|Any CPU
		{A146ABDB-73CF-4EEA-AE85-DF79EA5E8A3E}.Release|Any CPU.Build.0 = Release|Any CPU
		{EADD0595-2A21-4CBB-BD51-360942E49266}.Debug|Any CPU.ActiveCfg = Debug|Any CPU
		{EADD0595-2A21-4CBB-BD51-360942E49266}.Debug|Any CPU.Build.0 = Debug|Any CPU
		{EADD0595-2A21-4CBB-BD51-360942E49266}.Release|Any CPU.ActiveCfg = Release|Any CPU
		{EADD0595-2A21-4CBB-BD51-360942E49266}.Release|Any CPU.Build.0 = Release|Any CPU
	EndGlobalSection
	GlobalSection(SolutionProperties) = preSolution
		HideSolutionNode = FALSE
	EndGlobalSection
	GlobalSection(ExtensibilityGlobals) = postSolution
		SolutionGuid = {64B1198F-39D1-48BD-B689-D9949391AEE6}
	EndGlobalSection
EndGlobal
